{
  "name": "playwright-ts-chatgpt-demo",
  "version": "1.0.0",
  "lockfileVersion": 2,
  "requires": true,
  "packages": {
    "": {
      "name": "playwright-ts-chatgpt-demo",
      "version": "1.0.0",
      "license": "ISC",
      "dependencies": {
        "dotenv": "^16.0.3"
      },
      "devDependencies": {
        "@playwright/mcp": "^0.0.46",
        "@playwright/test": "^1.57.0-alpha-2025-11-07"
      }
    },
    "node_modules/@playwright/mcp": {
      "version": "0.0.46",
      "resolved": "https://registry.npmjs.org/@playwright/mcp/-/mcp-0.0.46.tgz",
      "integrity": "sha512-AXV2GxA6GKfKm/elCd898XTsP6OutKoKs52lATrF1oIOw2nX32vNLst79mjWNYpwaxP5I1kd083M2shggsy8eQ==",
      "dev": true,
      "license": "Apache-2.0",
      "dependencies": {
        "playwright": "1.57.0-alpha-2025-11-07",
        "playwright-core": "1.57.0-alpha-2025-11-07"
      },
      "bin": {
        "mcp-server-playwright": "cli.js"
      },
      "engines": {
        "node": ">=18"
      }
    },
    "node_modules/@playwright/mcp/node_modules/playwright-core": {
      "version": "1.57.0-alpha-2025-11-07",
      "resolved": "https://registry.npmjs.org/playwright-core/-/playwright-core-1.57.0-alpha-2025-11-07.tgz",
      "integrity": "sha512-p61pk1XLuFBSia+37jfeuw62HbAi/KaXOGvjUoAiPdnDgO6AOj/DfodbWkZ1fqLZbW+q6Mja30YnzhD0CaePEQ==",
      "dev": true,
      "license": "Apache-2.0",
      "bin": {
        "playwright-core": "cli.js"
      },
      "engines": {
        "node": ">=18"
      }
    },
    "node_modules/@playwright/test": {
      "version": "1.57.0-alpha-2025-11-07",
      "resolved": "https://registry.npmjs.org/@playwright/test/-/test-1.57.0-alpha-2025-11-07.tgz",
      "integrity": "sha512-dnSCKdVigPMHRVnBhiu4jh6GkKQfgtlHKBLxAYQUtIC0FmwryoxTFRtK5hNtcscfnRjy/LceSJlSwfDTTtbyBA==",
      "dev": true,
      "license": "Apache-2.0",
      "dependencies": {
        "playwright": "1.57.0-alpha-2025-11-07"
      },
      "bin": {
        "playwright": "cli.js"
      },
      "engines": {
        "node": ">=18"
      }
    },
    "node_modules/dotenv": {
      "version": "16.0.3",
      "resolved": "https://registry.npmjs.org/dotenv/-/dotenv-16.0.3.tgz",
      "integrity": "sha512-7GO6HghkA5fYG9TYnNxi14/7K9f5occMlp3zXAuSxn7CKCxt9xbNWG7yF8hTCSUchlfWSe3uLmlPfigevRItzQ==",
      "engines": {
        "node": ">=12"
      }
    },
    "node_modules/fsevents": {
      "version": "2.3.2",
      "resolved": "https://registry.npmjs.org/fsevents/-/fsevents-2.3.2.tgz",
      "integrity": "sha512-xiqMQR4xAeHTuB9uWm+fFRcIOgKBMiOBP+eXiyT7jsgVCq1bkVygt00oASowB7EdtpOHaaPgKt812P9ab+DDKA==",
      "dev": true,
      "hasInstallScript": true,
      "optional": true,
      "os": [
        "darwin"
      ],
      "engines": {
        "node": "^8.16.0 || ^10.6.0 || >=11.0.0"
      }
    },
    "node_modules/playwright": {
      "version": "1.57.0-alpha-2025-11-07",
      "resolved": "https://registry.npmjs.org/playwright/-/playwright-1.57.0-alpha-2025-11-07.tgz",
      "integrity": "sha512-E5fgekU+NuIfE16bjL9xIffhmag2cInC/KDfXwvVGkCka5TpZfiWhHvCYIRW6/hEGr+eJS3jPHR91cyPO3gQgA==",
      "dev": true,
      "license": "Apache-2.0",
      "dependencies": {
        "playwright-core": "1.57.0-alpha-2025-11-07"
      },
      "bin": {
        "playwright": "cli.js"
      },
      "engines": {
        "node": ">=18"
      },
      "optionalDependencies": {
        "fsevents": "2.3.2"
      }
    },
    "node_modules/playwright/node_modules/playwright-core": {
      "version": "1.57.0-alpha-2025-11-07",
      "resolved": "https://registry.npmjs.org/playwright-core/-/playwright-core-1.57.0-alpha-2025-11-07.tgz",
      "integrity": "sha512-p61pk1XLuFBSia+37jfeuw62HbAi/KaXOGvjUoAiPdnDgO6AOj/DfodbWkZ1fqLZbW+q6Mja30YnzhD0CaePEQ==",
      "dev": true,
      "license": "Apache-2.0",
      "bin": {
        "playwright-core": "cli.js"
      },
      "engines": {
        "node": ">=18"
      }
    }
  },
  "dependencies": {
    "@playwright/mcp": {
      "version": "0.0.46",
      "resolved": "https://registry.npmjs.org/@playwright/mcp/-/mcp-0.0.46.tgz",
      "integrity": "sha512-AXV2GxA6GKfKm/elCd898XTsP6OutKoKs52lATrF1oIOw2nX32vNLst79mjWNYpwaxP5I1kd083M2shggsy8eQ==",
      "dev": true,
      "requires": {
        "playwright": "1.57.0-alpha-2025-11-07",
        "playwright-core": "1.57.0-alpha-2025-11-07"
      },
      "dependencies": {
        "playwright-core": {
          "version": "1.57.0-alpha-2025-11-07",
          "resolved": "https://registry.npmjs.org/playwright-core/-/playwright-core-1.57.0-alpha-2025-11-07.tgz",
          "integrity": "sha512-p61pk1XLuFBSia+37jfeuw62HbAi/KaXOGvjUoAiPdnDgO6AOj/DfodbWkZ1fqLZbW+q6Mja30YnzhD0CaePEQ==",
          "dev": true
        }
      }
    },
    "@playwright/test": {
      "version": "1.57.0-alpha-2025-11-07",
      "resolved": "https://registry.npmjs.org/@playwright/test/-/test-1.57.0-alpha-2025-11-07.tgz",
      "integrity": "sha512-dnSCKdVigPMHRVnBhiu4jh6GkKQfgtlHKBLxAYQUtIC0FmwryoxTFRtK5hNtcscfnRjy/LceSJlSwfDTTtbyBA==",
      "dev": true,
      "requires": {
        "playwright": "1.57.0-alpha-2025-11-07"
      }
    },
    "dotenv": {
      "version": "16.0.3",
      "resolved": "https://registry.npmjs.org/dotenv/-/dotenv-16.0.3.tgz",
      "integrity": "sha512-7GO6HghkA5fYG9TYnNxi14/7K9f5occMlp3zXAuSxn7CKCxt9xbNWG7yF8hTCSUchlfWSe3uLmlPfigevRItzQ=="
    },
    "fsevents": {
      "version": "2.3.2",
      "resolved": "https://registry.npmjs.org/fsevents/-/fsevents-2.3.2.tgz",
      "integrity": "sha512-xiqMQR4xAeHTuB9uWm+fFRcIOgKBMiOBP+eXiyT7jsgVCq1bkVygt00oASowB7EdtpOHaaPgKt812P9ab+DDKA==",
      "dev": true,
      "optional": true
    },
    "playwright": {
      "version": "1.57.0-alpha-2025-11-07",
      "resolved": "https://registry.npmjs.org/playwright/-/playwright-1.57.0-alpha-2025-11-07.tgz",
      "integrity": "sha512-E5fgekU+NuIfE16bjL9xIffhmag2cInC/KDfXwvVGkCka5TpZfiWhHvCYIRW6/hEGr+eJS3jPHR91cyPO3gQgA==",
      "dev": true,
      "requires": {
        "fsevents": "2.3.2",
        "playwright-core": "1.57.0-alpha-2025-11-07"
      },
      "dependencies": {
        "playwright-core": {
          "version": "1.57.0-alpha-2025-11-07",
          "resolved": "https://registry.npmjs.org/playwright-core/-/playwright-core-1.57.0-alpha-2025-11-07.tgz",
          "integrity": "sha512-p61pk1XLuFBSia+37jfeuw62HbAi/KaXOGvjUoAiPdnDgO6AOj/DfodbWkZ1fqLZbW+q6Mja30YnzhD0CaePEQ==",
          "dev": true
        }
      }
    }
  }
}
